// !$*UTF8*$!
{
	archiveVersion = 1;
	classes = {
	};
	objectVersion = 46;
	objects = {

/* Begin PBXBuildFile section */
		B18331101B9D8E4700F5A84B /* AppDelegate.swift in Sources */ = {isa = PBXBuildFile; fileRef = B183310F1B9D8E4700F5A84B /* AppDelegate.swift */; };
		B18331151B9D8E4700F5A84B /* Main.storyboard in Resources */ = {isa = PBXBuildFile; fileRef = B18331131B9D8E4700F5A84B /* Main.storyboard */; };
		B18331171B9D8E4700F5A84B /* Images.xcassets in Resources */ = {isa = PBXBuildFile; fileRef = B18331161B9D8E4700F5A84B /* Images.xcassets */; };
		B183311A1B9D8E4700F5A84B /* LaunchScreen.xib in Resources */ = {isa = PBXBuildFile; fileRef = B18331181B9D8E4700F5A84B /* LaunchScreen.xib */; };
		B18331261B9D8E4900F5A84B /* FlickrSearchTests.swift in Sources */ = {isa = PBXBuildFile; fileRef = B18331251B9D8E4900F5A84B /* FlickrSearchTests.swift */; };
/* End PBXBuildFile section */

/* Begin PBXContainerItemProxy section */
		B18331201B9D8E4800F5A84B /* PBXContainerItemProxy */ = {
			isa = PBXContainerItemProxy;
			containerPortal = B18331021B9D8E4700F5A84B /* Project object */;
			proxyType = 1;
			remoteGlobalIDString = B18331091B9D8E4700F5A84B;
			remoteInfo = FlickrSearch;
		};
/* End PBXContainerItemProxy section */

/* Begin PBXFileReference section */
		B183310A1B9D8E4700F5A84B /* FlickrSearch.app */ = {isa = PBXFileReference; explicitFileType = wrapper.application; includeInIndex = 0; path = FlickrSearch.app; sourceTree = BUILT_PRODUCTS_DIR; };
		B183310E1B9D8E4700F5A84B /* Info.plist */ = {isa = PBXFileReference; lastKnownFileType = text.plist.xml; path = Info.plist; sourceTree = "<group>"; };
		B183310F1B9D8E4700F5A84B /* AppDelegate.swift */ = {isa = PBXFileReference; lastKnownFileType = sourcecode.swift; path = AppDelegate.swift; sourceTree = "<group>"; };
		B18331141B9D8E4700F5A84B /* Base */ = {isa = PBXFileReference; lastKnownFileType = file.storyboard; name = Base; path = Base.lproj/Main.storyboard; sourceTree = "<group>"; };
		B18331161B9D8E4700F5A84B /* Images.xcassets */ = {isa = PBXFileReference; lastKnownFileType = folder.assetcatalog; path = Images.xcassets; sourceTree = "<group>"; };
		B18331191B9D8E4700F5A84B /* Base */ = {isa = PBXFileReference; lastKnownFileType = file.xib; name = Base; path = Base.lproj/LaunchScreen.xib; sourceTree = "<group>"; };
		B183311F1B9D8E4800F5A84B /* FlickrSearchTests.xctest */ = {isa = PBXFileReference; explicitFileType = wrapper.cfbundle; includeInIndex = 0; path = FlickrSearchTests.xctest; sourceTree = BUILT_PRODUCTS_DIR; };
		B18331241B9D8E4900F5A84B /* Info.plist */ = {isa = PBXFileReference; lastKnownFileType = text.plist.xml; path = Info.plist; sourceTree = "<group>"; };
		B18331251B9D8E4900F5A84B /* FlickrSearchTests.swift */ = {isa = PBXFileReference; lastKnownFileType = sourcecode.swift; path = FlickrSearchTests.swift; sourceTree = "<group>"; };
/* End PBXFileReference section */

/* Begin PBXFrameworksBuildPhase section */
		B18331071B9D8E4700F5A84B /* Frameworks */ = {
			isa = PBXFrameworksBuildPhase;
			buildActionMask = 2147483647;
			files = (
			);
			runOnlyForDeploymentPostprocessing = 0;
		};
		B183311C1B9D8E4800F5A84B /* Frameworks */ = {
			isa = PBXFrameworksBuildPhase;
			buildActionMask = 2147483647;
			files = (
			);
			runOnlyForDeploymentPostprocessing = 0;
		};
/* End PBXFrameworksBuildPhase section */

/* Begin PBXGroup section */
		B18331011B9D8E4700F5A84B = {
			isa = PBXGroup;
			children = (
				B183310C1B9D8E4700F5A84B /* FlickrSearch */,
				B18331221B9D8E4900F5A84B /* FlickrSearchTests */,
				B183310B1B9D8E4700F5A84B /* Products */,
			);
			sourceTree = "<group>";
		};
		B183310B1B9D8E4700F5A84B /* Products */ = {
			isa = PBXGroup;
			children = (
				B183310A1B9D8E4700F5A84B /* FlickrSearch.app */,
				B183311F1B9D8E4800F5A84B /* FlickrSearchTests.xctest */,
			);
			name = Products;
			sourceTree = "<group>";
		};
		B183310C1B9D8E4700F5A84B /* FlickrSearch */ = {
			isa = PBXGroup;
			children = (
				B183310F1B9D8E4700F5A84B /* AppDelegate.swift */,
				B18331131B9D8E4700F5A84B /* Main.storyboard */,
				B18331161B9D8E4700F5A84B /* Images.xcassets */,
				B18331181B9D8E4700F5A84B /* LaunchScreen.xib */,
				B183310D1B9D8E4700F5A84B /* Supporting Files */,
			);
			path = FlickrSearch;
			sourceTree = "<group>";
		};
		B183310D1B9D8E4700F5A84B /* Supporting Files */ = {
			isa = PBXGroup;
			children = (
				B183310E1B9D8E4700F5A84B /* Info.plist */,
			);
			name = "Supporting Files";
			sourceTree = "<group>";
		};
		B18331221B9D8E4900F5A84B /* FlickrSearchTests */ = {
			isa = PBXGroup;
			children = (
				B18331251B9D8E4900F5A84B /* FlickrSearchTests.swift */,
				B18331231B9D8E4900F5A84B /* Supporting Files */,
			);
			path = FlickrSearchTests;
			sourceTree = "<group>";
		};
		B18331231B9D8E4900F5A84B /* Supporting Files */ = {
			isa = PBXGroup;
			children = (
				B18331241B9D8E4900F5A84B /* Info.plist */,
			);
			name = "Supporting Files";
			sourceTree = "<group>";
		};
/* End PBXGroup section */

/* Begin PBXNativeTarget section */
		B18331091B9D8E4700F5A84B /* FlickrSearch */ = {
			isa = PBXNativeTarget;
			buildConfigurationList = B18331291B9D8E4900F5A84B /* Build configuration list for PBXNativeTarget "FlickrSearch" */;
			buildPhases = (
				B18331061B9D8E4700F5A84B /* Sources */,
				B18331071B9D8E4700F5A84B /* Frameworks */,
				B18331081B9D8E4700F5A84B /* Resources */,
			);
			buildRules = (
			);
			dependencies = (
			);
			name = FlickrSearch;
			productName = FlickrSearch;
			productReference = B183310A1B9D8E4700F5A84B /* FlickrSearch.app */;
			productType = "com.apple.product-type.application";
		};
		B183311E1B9D8E4800F5A84B /* FlickrSearchTests */ = {
			isa = PBXNativeTarget;
			buildConfigurationList = B183312C1B9D8E4900F5A84B /* Build configuration list for PBXNativeTarget "FlickrSearchTests" */;
			buildPhases = (
				B183311B1B9D8E4800F5A84B /* Sources */,
				B183311C1B9D8E4800F5A84B /* Frameworks */,
				B183311D1B9D8E4800F5A84B /* Resources */,
			);
			buildRules = (
			);
			dependencies = (
				B18331211B9D8E4800F5A84B /* PBXTargetDependency */,
			);
			name = FlickrSearchTests;
			productName = FlickrSearchTests;
			productReference = B183311F1B9D8E4800F5A84B /* FlickrSearchTests.xctest */;
			productType = "com.apple.product-type.bundle.unit-test";
		};
/* End PBXNativeTarget section */

/* Begin PBXProject section */
		B18331021B9D8E4700F5A84B /* Project object */ = {
			isa = PBXProject;
			attributes = {
				LastUpgradeCheck = 0630;
				ORGANIZATIONNAME = tmhk23;
				TargetAttributes = {
					B18331091B9D8E4700F5A84B = {
						CreatedOnToolsVersion = 6.3.2;
					};
					B183311E1B9D8E4800F5A84B = {
						CreatedOnToolsVersion = 6.3.2;
						TestTargetID = B18331091B9D8E4700F5A84B;
					};
				};
			};
			buildConfigurationList = B18331051B9D8E4700F5A84B /* Build configuration list for PBXProject "FlickrSearch" */;
			compatibilityVersion = "Xcode 3.2";
			developmentRegion = English;
			hasScannedForEncodings = 0;
			knownRegions = (
				en,
				Base,
			);
			mainGroup = B18331011B9D8E4700F5A84B;
			productRefGroup = B183310B1B9D8E4700F5A84B /* Products */;
			projectDirPath = "";
			projectRoot = "";
			targets = (
				B18331091B9D8E4700F5A84B /* FlickrSearch */,
				B183311E1B9D8E4800F5A84B /* FlickrSearchTests */,
			);
		};
/* End PBXProject section */

/* Begin PBXResourcesBuildPhase section */
		B18331081B9D8E4700F5A84B /* Resources */ = {
			isa = PBXResourcesBuildPhase;
			buildActionMask = 2147483647;
			files = (
				B18331151B9D8E4700F5A84B /* Main.storyboard in Resources */,
				B183311A1B9D8E4700F5A84B /* LaunchScreen.xib in Resources */,
				B18331171B9D8E4700F5A84B /* Images.xcassets in Resources */,
			);
			runOnlyForDeploymentPostprocessing = 0;
		};
		B183311D1B9D8E4800F5A84B /* Resources */ = {
			isa = PBXResourcesBuildPhase;
			buildActionMask = 2147483647;
			files = (
			);
			runOnlyForDeploymentPostprocessing = 0;
		};
/* End PBXResourcesBuildPhase section */

/* Begin PBXSourcesBuildPhase section */
		B18331061B9D8E4700F5A84B /* Sources */ = {
			isa = PBXSourcesBuildPhase;
			buildActionMask = 2147483647;
			files = (
				B18331101B9D8E4700F5A84B /* AppDelegate.swift in Sources */,
			);
			runOnlyForDeploymentPostprocessing = 0;
		};
		B183311B1B9D8E4800F5A84B /* Sources */ = {
			isa = PBXSourcesBuildPhase;
			buildActionMask = 2147483647;
			files = (
				B18331261B9D8E4900F5A84B /* FlickrSearchTests.swift in Sources */,
			);
			runOnlyForDeploymentPostprocessing = 0;
		};
/* End PBXSourcesBuildPhase section */

/* Begin PBXTargetDependency section */
		B18331211B9D8E4800F5A84B /* PBXTargetDependency */ = {
			isa = PBXTargetDependency;
			target = B18331091B9D8E4700F5A84B /* FlickrSearch */;
			targetProxy = B18331201B9D8E4800F5A84B /* PBXContainerItemProxy */;
		};
/* End PBXTargetDependency section */

/* Begin PBXVariantGroup section */
		B18331131B9D8E4700F5A84B /* Main.storyboard */ = {
			isa = PBXVariantGroup;
			children = (
				B18331141B9D8E4700F5A84B /* Base */,
			);
			name = Main.storyboard;
			sourceTree = "<group>";
		};
		B18331181B9D8E4700F5A84B /* LaunchScreen.xib */ = {
			isa = PBXVariantGroup;
			children = (
				B18331191B9D8E4700F5A84B /* Base */,
			);
			name = LaunchScreen.xib;
			sourceTree = "<group>";
		};
/* End PBXVariantGroup section */

/* Begin XCBuildConfiguration section */
		B18331271B9D8E4900F5A84B /* Debug */ = {
			isa = XCBuildConfiguration;
			buildSettings = {
				ALWAYS_SEARCH_USER_PATHS = NO;
				CLANG_CXX_LANGUAGE_STANDARD = "gnu++0x";
				CLANG_CXX_LIBRARY = "libc++";
				CLANG_ENABLE_MODULES = YES;
				CLANG_ENABLE_OBJC_ARC = YES;
				CLANG_WARN_BOOL_CONVERSION = YES;
				CLANG_WARN_CONSTANT_CONVERSION = YES;
				CLANG_WARN_DIRECT_OBJC_ISA_USAGE = YES_ERROR;
				CLANG_WARN_EMPTY_BODY = YES;
				CLANG_WARN_ENUM_CONVERSION = YES;
				CLANG_WARN_INT_CONVERSION = YES;
				CLANG_WARN_OBJC_ROOT_CLASS = YES_ERROR;
				CLANG_WARN_UNREACHABLE_CODE = YES;
				CLANG_WARN__DUPLICATE_METHOD_MATCH = YES;
				"CODE_SIGN_IDENTITY[sdk=iphoneos*]" = "iPhone Developer";
				COPY_PHASE_STRIP = NO;
				DEBUG_INFORMATION_FORMAT = "dwarf-with-dsym";
				ENABLE_STRICT_OBJC_MSGSEND = YES;
				GCC_C_LANGUAGE_STANDARD = gnu99;
				GCC_DYNAMIC_NO_PIC = NO;
				GCC_NO_COMMON_BLOCKS = YES;
				GCC_OPTIMIZATION_LEVEL = 0;
				GCC_PREPROCESSOR_DEFINITIONS = (
					"DEBUG=1",
					"$(inherited)",
				);
				GCC_SYMBOLS_PRIVATE_EXTERN = NO;
				GCC_WARN_64_TO_32_BIT_CONVERSION = YES;
				GCC_WARN_ABOUT_RETURN_TYPE = YES_ERROR;
				GCC_WARN_UNDECLARED_SELECTOR = YES;
				GCC_WARN_UNINITIALIZED_AUTOS = YES_AGGRESSIVE;
				GCC_WARN_UNUSED_FUNCTION = YES;
				GCC_WARN_UNUSED_VARIABLE = YES;
				IPHONEOS_DEPLOYMENT_TARGET = 8.3;
				MTL_ENABLE_DEBUG_INFO = YES;
				ONLY_ACTIVE_ARCH = YES;
				SDKROOT = iphoneos;
				SWIFT_OPTIMIZATION_LEVEL = "-Onone";
				TARGETED_DEVICE_FAMILY = 2;
			};
			name = Debug;
		};
		B18331281B9D8E4900F5A84B /* Release */ = {
			isa = XCBuildConfiguration;
			buildSettings = {
				ALWAYS_SEARCH_USER_PATHS = NO;
				CLANG_CXX_LANGUAGE_STANDARD = "gnu++0x";
				CLANG_CXX_LIBRARY = "libc++";
				CLANG_ENABLE_MODULES = YES;
				CLANG_ENABLE_OBJC_ARC = YES;
				CLANG_WARN_BOOL_CONVERSION = YES;
				CLANG_WARN_CONSTANT_CONVERSION = YES;
				CLANG_WARN_DIRECT_OBJC_ISA_USAGE = YES_ERROR;
				CLANG_WARN_EMPTY_BODY = YES;
				CLANG_WARN_ENUM_CONVERSION = YES;
				CLANG_WARN_INT_CONVERSION = YES;
				CLANG_WARN_OBJC_ROOT_CLASS = YES_ERROR;
				CLANG_WARN_UNREACHABLE_CODE = YES;
				CLANG_WARN__DUPLICATE_METHOD_MATCH = YES;
				"CODE_SIGN_IDENTITY[sdk=iphoneos*]" = "iPhone Developer";
				COPY_PHASE_STRIP = NO;
				DEBUG_INFORMATION_FORMAT = "dwarf-with-dsym";
				ENABLE_NS_ASSERTIONS = NO;
				ENABLE_STRICT_OBJC_MSGSEND = YES;
				GCC_C_LANGUAGE_STANDARD = gnu99;
				GCC_NO_COMMON_BLOCKS = YES;
				GCC_WARN_64_TO_32_BIT_CONVERSION = YES;
				GCC_WARN_ABOUT_RETURN_TYPE = YES_ERROR;
				GCC_WARN_UNDECLARED_SELECTOR = YES;
				GCC_WARN_UNINITIALIZED_AUTOS = YES_AGGRESSIVE;
				GCC_WARN_UNUSED_FUNCTION = YES;
				GCC_WARN_UNUSED_VARIABLE = YES;
				IPHONEOS_DEPLOYMENT_TARGET = 8.3;
				MTL_ENABLE_DEBUG_INFO = NO;
				SDKROOT = iphoneos;
				TARGETED_DEVICE_FAMILY = 2;
				VALIDATE_PRODUCT = YES;
			};
			name = Release;
		};
		B183312A1B9D8E4900F5A84B /* Debug */ = {
			isa = XCBuildConfiguration;
			buildSettings = {
				ASSETCATALOG_COMPILER_APPICON_NAME = AppIcon;
				INFOPLIST_FILE = FlickrSearch/Info.plist;
				LD_RUNPATH_SEARCH_PATHS = "$(inherited) @executable_path/Frameworks";
				PRODUCT_NAME = "$(TARGET_NAME)";
			};
			name = Debug;
		};
		B183312B1B9D8E4900F5A84B /* Release */ = {
			isa = XCBuildConfiguration;
			buildSettings = {
				ASSETCATALOG_COMPILER_APPICON_NAME = AppIcon;
				INFOPLIST_FILE = FlickrSearch/Info.plist;
				LD_RUNPATH_SEARCH_PATHS = "$(inherited) @executable_path/Frameworks";
				PRODUCT_NAME = "$(TARGET_NAME)";
			};
			name = Release;
		};
		B183312D1B9D8E4900F5A84B /* Debug */ = {
			isa = XCBuildConfiguration;
			buildSettings = {
				BUNDLE_LOADER = "$(TEST_HOST)";
				FRAMEWORK_SEARCH_PATHS = (
					"$(SDKROOT)/Developer/Library/Frameworks",
					"$(inherited)",
				);
				GCC_PREPROCESSOR_DEFINITIONS = (
					"DEBUG=1",
					"$(inherited)",
				);
				INFOPLIST_FILE = FlickrSearchTests/Info.plist;
				LD_RUNPATH_SEARCH_PATHS = "$(inherited) @executable_path/Frameworks @loader_path/Frameworks";
				PRODUCT_NAME = "$(TARGET_NAME)";
				TEST_HOST = "$(BUILT_PRODUCTS_DIR)/FlickrSearch.app/FlickrSearch";
			};
			name = Debug;
		};
		B183312E1B9D8E4900F5A84B /* Release */ = {
			isa = XCBuildConfiguration;
			buildSettings = {
				BUNDLE_LOADER = "$(TEST_HOST)";
				FRAMEWORK_SEARCH_PATHS = (
					"$(SDKROOT)/Developer/Library/Frameworks",
					"$(inherited)",
				);
				INFOPLIST_FILE = FlickrSearchTests/Info.plist;
				LD_RUNPATH_SEARCH_PATHS = "$(inherited) @executable_path/Frameworks @loader_path/Frameworks";
				PRODUCT_NAME = "$(TARGET_NAME)";
				TEST_HOST = "$(BUILT_PRODUCTS_DIR)/FlickrSearch.app/FlickrSearch";
			};
			name = Release;
		};
/* End XCBuildConfiguration section */

/* Begin XCConfigurationList section */
		B18331051B9D8E4700F5A84B /* Build configuration list for PBXProject "FlickrSearch" */ = {
			isa = XCConfigurationList;
			buildConfigurations = (
				B18331271B9D8E4900F5A84B /* Debug */,
				B18331281B9D8E4900F5A84B /* Release */,
			);
			defaultConfigurationIsVisible = 0;
			defaultConfigurationName = Release;
		};
		B18331291B9D8E4900F5A84B /* Build configuration list for PBXNativeTarget "FlickrSearch" */ = {
			isa = XCConfigurationList;
			buildConfigurations = (
				B183312A1B9D8E4900F5A84B /* Debug */,
				B183312B1B9D8E4900F5A84B /* Release */,
			);
			defaultConfigurationIsVisible = 0;
		};
		B183312C1B9D8E4900F5A84B /* Build configuration list for PBXNativeTarget "FlickrSearchTests" */ = {
			isa = XCConfigurationList;
			buildConfigurations = (
				B183312D1B9D8E4900F5A84B /* Debug */,
				B183312E1B9D8E4900F5A84B /* Release */,
			);
			defaultConfigurationIsVisible = 0;
		};
/* End XCConfigurationList section */
	};
	rootObject = B18331021B9D8E4700F5A84B /* Project object */;
}
